
Microsoft Visual Studio Solution File, Format Version 12.00
# Visual Studio Version 16
VisualStudioVersion = 16.0.29613.14
MinimumVisualStudioVersion = 10.0.40219.1
Project("{FAE04EC0-301F-11D3-BF4B-00C04F79EFBC}") = "ConsoleSample", "ConsoleSample\ConsoleSample.csproj", "{B272C156-B48E-4ACE-BA98-FAF1825512DB}"
EndProject
Project("{9A19103F-16F7-4668-BE54-9A1E7A4F7556}") = "Interface", "..\..\Interface\Interface\Interface.csproj", "{354C4DF4-6CA2-4933-ADEC-E806CF786B6A}"
EndProject
Project("{9A19103F-16F7-4668-BE54-9A1E7A4F7556}") = "LoadAssembly", "..\..\LoadAssembly\LoadAssembly\LoadAssembly.csproj", "{9A6B199F-9B28-415A-8CB3-6BF4F353E27D}"
EndProject
Global
	GlobalSection(SolutionConfigurationPlatforms) = preSolution
		Debug|Any CPU = Debug|Any CPU
		Release|Any CPU = Release|Any CPU
	EndGlobalSection
	GlobalSection(ProjectConfigurationPlatforms) = postSolution
		{B272C156-B48E-4ACE-BA98-FAF1825512DB}.Debug|Any CPU.ActiveCfg = Debug|Any CPU
		{B272C156-B48E-4ACE-BA98-FAF1825512DB}.Debug|Any CPU.Build.0 = Debug|Any CPU
		{B272C156-B48E-4ACE-BA98-FAF1825512DB}.Release|Any CPU.ActiveCfg = Release|Any CPU
		{B272C156-B48E-4ACE-BA98-FAF1825512DB}.Release|Any CPU.Build.0 = Release|Any CPU
		{354C4DF4-6CA2-4933-ADEC-E806CF786B6A}.Debug|Any CPU.ActiveCfg = Debug|Any CPU
		{354C4DF4-6CA2-4933-ADEC-E806CF786B6A}.Debug|Any CPU.Build.0 = Debug|Any CPU
		{354C4DF4-6CA2-4933-ADEC-E806CF786B6A}.Release|Any CPU.ActiveCfg = Release|Any CPU
		{354C4DF4-6CA2-4933-ADEC-E806CF786B6A}.Release|Any CPU.Build.0 = Release|Any CPU
		{9A6B199F-9B28-415A-8CB3-6BF4F353E27D}.Debug|Any CPU.ActiveCfg = Debug|Any CPU
		{9A6B199F-9B28-415A-8CB3-6BF4F353E27D}.Debug|Any CPU.Build.0 = Debug|Any CPU
		{9A6B199F-9B28-415A-8CB3-6BF4F353E27D}.Release|Any CPU.ActiveCfg = Release|Any CPU
		{9A6B199F-9B28-415A-8CB3-6BF4F353E27D}.Release|Any CPU.Build.0 = Release|Any CPU
	EndGlobalSection
	GlobalSection(SolutionProperties) = preSolution
		HideSolutionNode = FALSE
	EndGlobalSection
	GlobalSection(ExtensibilityGlobals) = postSolution
		SolutionGuid = {5D77179E-9EF3-4CA7-8BED-41A6FEF6CC17}
	EndGlobalSection
EndGlobal
