
Microsoft Visual Studio Solution File, Format Version 12.00
# Visual Studio Version 16
VisualStudioVersion = 16.0.29609.76
MinimumVisualStudioVersion = 10.0.40219.1
Project("{9A19103F-16F7-4668-BE54-9A1E7A4F7556}") = "LoadTarget", "LoadTarget\LoadTarget.csproj", "{6DF9AE59-EA42-4461-B97A-1453E8EF347D}"
EndProject
Project("{9A19103F-16F7-4668-BE54-9A1E7A4F7556}") = "Interface", "..\Interface\Interface\Interface.csproj", "{230345FD-A5F9-478D-8A6C-0B39883C2613}"
EndProject
Global
	GlobalSection(SolutionConfigurationPlatforms) = preSolution
		Debug|Any CPU = Debug|Any CPU
		Release|Any CPU = Release|Any CPU
	EndGlobalSection
	GlobalSection(ProjectConfigurationPlatforms) = postSolution
		{6DF9AE59-EA42-4461-B97A-1453E8EF347D}.Debug|Any CPU.ActiveCfg = Debug|Any CPU
		{6DF9AE59-EA42-4461-B97A-1453E8EF347D}.Debug|Any CPU.Build.0 = Debug|Any CPU
		{6DF9AE59-EA42-4461-B97A-1453E8EF347D}.Release|Any CPU.ActiveCfg = Release|Any CPU
		{6DF9AE59-EA42-4461-B97A-1453E8EF347D}.Release|Any CPU.Build.0 = Release|Any CPU
		{230345FD-A5F9-478D-8A6C-0B39883C2613}.Debug|Any CPU.ActiveCfg = Debug|Any CPU
		{230345FD-A5F9-478D-8A6C-0B39883C2613}.Debug|Any CPU.Build.0 = Debug|Any CPU
		{230345FD-A5F9-478D-8A6C-0B39883C2613}.Release|Any CPU.ActiveCfg = Release|Any CPU
		{230345FD-A5F9-478D-8A6C-0B39883C2613}.Release|Any CPU.Build.0 = Release|Any CPU
	EndGlobalSection
	GlobalSection(SolutionProperties) = preSolution
		HideSolutionNode = FALSE
	EndGlobalSection
	GlobalSection(ExtensibilityGlobals) = postSolution
		SolutionGuid = {B16A808F-D952-49C4-B788-98FF05A25A3A}
	EndGlobalSection
EndGlobal
